
Microsoft Visual Studio Solution File, Format Version 12.00
# Visual Studio 14
VisualStudioVersion = 14.0.25420.1
MinimumVisualStudioVersion = 10.0.40219.1
Project("{FAE04EC0-301F-11D3-BF4B-00C04F79EFBC}") = "WebAPI_Knockout", "WebApplication5\WebAPI_Knockout.csproj", "{FC4CD5DD-FB6B-4F34-A676-7473E79C254F}"
EndProject
Project("{2150E333-8FDC-42A3-9474-1A3956D46DE8}") = "1 Web API + Knockout.js", "1 Web API + Knockout.js", "{84DDD2F4-B997-4DD6-A83F-FE353CCF79B0}"
EndProject
Project("{2150E333-8FDC-42A3-9474-1A3956D46DE8}") = "2 OData v4", "2 OData v4", "{63BA0876-60DB-4EEF-8C30-40133803B17C}"
EndProject
Project("{FAE04EC0-301F-11D3-BF4B-00C04F79EFBC}") = "Odata", "Odata\Odata.csproj", "{7766B089-6902-465C-84C0-DF2BA6073D4F}"
EndProject
Global
	GlobalSection(SolutionConfigurationPlatforms) = preSolution
		Debug|Any CPU = Debug|Any CPU
		Release|Any CPU = Release|Any CPU
	EndGlobalSection
	GlobalSection(ProjectConfigurationPlatforms) = postSolution
		{FC4CD5DD-FB6B-4F34-A676-7473E79C254F}.Debug|Any CPU.ActiveCfg = Debug|Any CPU
		{FC4CD5DD-FB6B-4F34-A676-7473E79C254F}.Debug|Any CPU.Build.0 = Debug|Any CPU
		{FC4CD5DD-FB6B-4F34-A676-7473E79C254F}.Release|Any CPU.ActiveCfg = Release|Any CPU
		{FC4CD5DD-FB6B-4F34-A676-7473E79C254F}.Release|Any CPU.Build.0 = Release|Any CPU
		{7766B089-6902-465C-84C0-DF2BA6073D4F}.Debug|Any CPU.ActiveCfg = Debug|Any CPU
		{7766B089-6902-465C-84C0-DF2BA6073D4F}.Debug|Any CPU.Build.0 = Debug|Any CPU
		{7766B089-6902-465C-84C0-DF2BA6073D4F}.Release|Any CPU.ActiveCfg = Release|Any CPU
		{7766B089-6902-465C-84C0-DF2BA6073D4F}.Release|Any CPU.Build.0 = Release|Any CPU
	EndGlobalSection
	GlobalSection(SolutionProperties) = preSolution
		HideSolutionNode = FALSE
	EndGlobalSection
	GlobalSection(NestedProjects) = preSolution
		{FC4CD5DD-FB6B-4F34-A676-7473E79C254F} = {84DDD2F4-B997-4DD6-A83F-FE353CCF79B0}
		{7766B089-6902-465C-84C0-DF2BA6073D4F} = {63BA0876-60DB-4EEF-8C30-40133803B17C}
	EndGlobalSection
EndGlobal
